
Microsoft Visual Studio Solution File, Format Version 12.00
# Visual Studio 15
VisualStudioVersion = 15.0.26430.4
MinimumVisualStudioVersion = 10.0.40219.1
Project("{2150E333-8FDC-42A3-9474-1A3956D46DE8}") = "src", "src", "{3E3E12C9-84FD-40AD-93F5-C76E211990BF}"
EndProject
Project("{2150E333-8FDC-42A3-9474-1A3956D46DE8}") = "test", "test", "{F99E44E0-E257-4DFF-B303-298969EC3BD1}"
EndProject
Project("{2150E333-8FDC-42A3-9474-1A3956D46DE8}") = "document", "document", "{173503CA-6E95-41E4-8FBA-31A287153998}"
EndProject
Project("{9A19103F-16F7-4668-BE54-9A1E7A4F7556}") = "Dream.Web", "src\Dream.Web\Dream.Web.csproj", "{DF2FE4D9-9218-4382-85A0-5F8DB3DFAE96}"
EndProject
Project("{FAE04EC0-301F-11D3-BF4B-00C04F79EFBC}") = "ModelTest", "src\ModelTest\ModelTest.csproj", "{6EEFCDCE-FBCA-406F-90BB-21AB0213E37C}"
EndProject
Project("{FAE04EC0-301F-11D3-BF4B-00C04F79EFBC}") = "Dream.EntityFramework", "src\Dream.EntityFramework\Dream.EntityFramework.csproj", "{E14E61A9-8B33-4292-9529-3B1E91175996}"
EndProject
Global
	GlobalSection(SolutionConfigurationPlatforms) = preSolution
		Debug|Any CPU = Debug|Any CPU
		Release|Any CPU = Release|Any CPU
	EndGlobalSection
	GlobalSection(ProjectConfigurationPlatforms) = postSolution
		{DF2FE4D9-9218-4382-85A0-5F8DB3DFAE96}.Debug|Any CPU.ActiveCfg = Debug|Any CPU
		{DF2FE4D9-9218-4382-85A0-5F8DB3DFAE96}.Debug|Any CPU.Build.0 = Debug|Any CPU
		{DF2FE4D9-9218-4382-85A0-5F8DB3DFAE96}.Release|Any CPU.ActiveCfg = Release|Any CPU
		{DF2FE4D9-9218-4382-85A0-5F8DB3DFAE96}.Release|Any CPU.Build.0 = Release|Any CPU
		{6EEFCDCE-FBCA-406F-90BB-21AB0213E37C}.Debug|Any CPU.ActiveCfg = Debug|Any CPU
		{6EEFCDCE-FBCA-406F-90BB-21AB0213E37C}.Debug|Any CPU.Build.0 = Debug|Any CPU
		{6EEFCDCE-FBCA-406F-90BB-21AB0213E37C}.Release|Any CPU.ActiveCfg = Release|Any CPU
		{6EEFCDCE-FBCA-406F-90BB-21AB0213E37C}.Release|Any CPU.Build.0 = Release|Any CPU
		{E14E61A9-8B33-4292-9529-3B1E91175996}.Debug|Any CPU.ActiveCfg = Debug|Any CPU
		{E14E61A9-8B33-4292-9529-3B1E91175996}.Debug|Any CPU.Build.0 = Debug|Any CPU
		{E14E61A9-8B33-4292-9529-3B1E91175996}.Release|Any CPU.ActiveCfg = Release|Any CPU
		{E14E61A9-8B33-4292-9529-3B1E91175996}.Release|Any CPU.Build.0 = Release|Any CPU
	EndGlobalSection
	GlobalSection(SolutionProperties) = preSolution
		HideSolutionNode = FALSE
	EndGlobalSection
	GlobalSection(NestedProjects) = preSolution
		{DF2FE4D9-9218-4382-85A0-5F8DB3DFAE96} = {3E3E12C9-84FD-40AD-93F5-C76E211990BF}
		{6EEFCDCE-FBCA-406F-90BB-21AB0213E37C} = {3E3E12C9-84FD-40AD-93F5-C76E211990BF}
		{E14E61A9-8B33-4292-9529-3B1E91175996} = {3E3E12C9-84FD-40AD-93F5-C76E211990BF}
	EndGlobalSection
EndGlobal
